
Microsoft Visual Studio Solution File, Format Version 12.00
# Visual Studio Version 17
VisualStudioVersion = 17.8.34330.188
MinimumVisualStudioVersion = 10.0.40219.1
Project("{FAE04EC0-301F-11D3-BF4B-00C04F79EFBC}") = "PostgresDiff", "PostgresDiff\PostgresDiff.csproj", "{B846B265-4082-4200-981B-2C44DC170A66}"
EndProject
Global
	GlobalSection(SolutionConfigurationPlatforms) = preSolution
		Debug|Any CPU = Debug|Any CPU
		Release|Any CPU = Release|Any CPU
	EndGlobalSection
	GlobalSection(ProjectConfigurationPlatforms) = postSolution
		{B846B265-4082-4200-981B-2C44DC170A66}.Debug|Any CPU.ActiveCfg = Debug|Any CPU
		{B846B265-4082-4200-981B-2C44DC170A66}.Debug|Any CPU.Build.0 = Debug|Any CPU
		{B846B265-4082-4200-981B-2C44DC170A66}.Release|Any CPU.ActiveCfg = Release|Any CPU
		{B846B265-4082-4200-981B-2C44DC170A66}.Release|Any CPU.Build.0 = Release|Any CPU
	EndGlobalSection
	GlobalSection(SolutionProperties) = preSolution
		HideSolutionNode = FALSE
	EndGlobalSection
	GlobalSection(ExtensibilityGlobals) = postSolution
		SolutionGuid = {04A0B747-D6E8-4B5E-A122-7D04E98F288B}
	EndGlobalSection
EndGlobal
